
Microsoft Visual Studio Solution File, Format Version 12.00
# Visual Studio Version 16
VisualStudioVersion = 16.0.33927.289
MinimumVisualStudioVersion = 10.0.40219.1
Project("{FAE04EC0-301F-11D3-BF4B-00C04F79EFBC}") = "Vasilev_2pr 1z", "Vasilev_2pr 1z\Vasilev_2pr 1z.csproj", "{ACBBF881-D2C3-4AF5-B4BF-5BA9D36B31F7}"
EndProject
Project("{FAE04EC0-301F-11D3-BF4B-00C04F79EFBC}") = "WpfApp1", "WpfApp1\WpfApp1.csproj", "{3B9250BA-415C-4FD0-B825-B3F710836953}"
EndProject
Global
	GlobalSection(SolutionConfigurationPlatforms) = preSolution
		Debug|Any CPU = Debug|Any CPU
		Release|Any CPU = Release|Any CPU
	EndGlobalSection
	GlobalSection(ProjectConfigurationPlatforms) = postSolution
		{ACBBF881-D2C3-4AF5-B4BF-5BA9D36B31F7}.Debug|Any CPU.ActiveCfg = Debug|Any CPU
		{ACBBF881-D2C3-4AF5-B4BF-5BA9D36B31F7}.Debug|Any CPU.Build.0 = Debug|Any CPU
		{ACBBF881-D2C3-4AF5-B4BF-5BA9D36B31F7}.Release|Any CPU.ActiveCfg = Release|Any CPU
		{ACBBF881-D2C3-4AF5-B4BF-5BA9D36B31F7}.Release|Any CPU.Build.0 = Release|Any CPU
		{3B9250BA-415C-4FD0-B825-B3F710836953}.Debug|Any CPU.ActiveCfg = Debug|Any CPU
		{3B9250BA-415C-4FD0-B825-B3F710836953}.Debug|Any CPU.Build.0 = Debug|Any CPU
		{3B9250BA-415C-4FD0-B825-B3F710836953}.Release|Any CPU.ActiveCfg = Release|Any CPU
		{3B9250BA-415C-4FD0-B825-B3F710836953}.Release|Any CPU.Build.0 = Release|Any CPU
	EndGlobalSection
	GlobalSection(SolutionProperties) = preSolution
		HideSolutionNode = FALSE
	EndGlobalSection
	GlobalSection(ExtensibilityGlobals) = postSolution
		SolutionGuid = {829D3A1E-02EF-4374-BDD4-27FD44403F7A}
	EndGlobalSection
EndGlobal
